// !$*UTF8*$!
{
	archiveVersion = 1;
	classes = {
	};
	objectVersion = 50;
	objects = {

/* Begin PBXBuildFile section */
		630D555721835C4400101D35 /* AppDelegate.m in Sources */ = {isa = PBXBuildFile; fileRef = 630D555621835C4400101D35 /* AppDelegate.m */; };
		630D555A21835C4400101D35 /* ViewController.m in Sources */ = {isa = PBXBuildFile; fileRef = 630D555921835C4400101D35 /* ViewController.m */; };
		630D555D21835C4400101D35 /* Main.storyboard in Resources */ = {isa = PBXBuildFile; fileRef = 630D555B21835C4400101D35 /* Main.storyboard */; };
		630D555F21835C4600101D35 /* Assets.xcassets in Resources */ = {isa = PBXBuildFile; fileRef = 630D555E21835C4600101D35 /* Assets.xcassets */; };
		630D556221835C4600101D35 /* LaunchScreen.storyboard in Resources */ = {isa = PBXBuildFile; fileRef = 630D556021835C4600101D35 /* LaunchScreen.storyboard */; };
		630D556521835C4600101D35 /* main.m in Sources */ = {isa = PBXBuildFile; fileRef = 630D556421835C4600101D35 /* main.m */; };
		630D556D21835D6E00101D35 /* UIView+AdaptScreen.m in Sources */ = {isa = PBXBuildFile; fileRef = 630D556B21835D6E00101D35 /* UIView+AdaptScreen.m */; };
/* End PBXBuildFile section */

/* Begin PBXFileReference section */
		630D555221835C4400101D35 /* TestScaleWithScreen.app */ = {isa = PBXFileReference; explicitFileType = wrapper.application; includeInIndex = 0; path = TestScaleWithScreen.app; sourceTree = BUILT_PRODUCTS_DIR; };
		630D555521835C4400101D35 /* AppDelegate.h */ = {isa = PBXFileReference; lastKnownFileType = sourcecode.c.h; path = AppDelegate.h; sourceTree = "<group>"; };
		630D555621835C4400101D35 /* AppDelegate.m */ = {isa = PBXFileReference; lastKnownFileType = sourcecode.c.objc; path = AppDelegate.m; sourceTree = "<group>"; };
		630D555821835C4400101D35 /* ViewController.h */ = {isa = PBXFileReference; lastKnownFileType = sourcecode.c.h; path = ViewController.h; sourceTree = "<group>"; };
		630D555921835C4400101D35 /* ViewController.m */ = {isa = PBXFileReference; lastKnownFileType = sourcecode.c.objc; path = ViewController.m; sourceTree = "<group>"; };
		630D555C21835C4400101D35 /* Base */ = {isa = PBXFileReference; lastKnownFileType = file.storyboard; name = Base; path = Base.lproj/Main.storyboard; sourceTree = "<group>"; };
		630D555E21835C4600101D35 /* Assets.xcassets */ = {isa = PBXFileReference; lastKnownFileType = folder.assetcatalog; path = Assets.xcassets; sourceTree = "<group>"; };
		630D556121835C4600101D35 /* Base */ = {isa = PBXFileReference; lastKnownFileType = file.storyboard; name = Base; path = Base.lproj/LaunchScreen.storyboard; sourceTree = "<group>"; };
		630D556321835C4600101D35 /* Info.plist */ = {isa = PBXFileReference; lastKnownFileType = text.plist.xml; path = Info.plist; sourceTree = "<group>"; };
		630D556421835C4600101D35 /* main.m */ = {isa = PBXFileReference; lastKnownFileType = sourcecode.c.objc; path = main.m; sourceTree = "<group>"; };
		630D556B21835D6E00101D35 /* UIView+AdaptScreen.m */ = {isa = PBXFileReference; fileEncoding = 4; lastKnownFileType = sourcecode.c.objc; path = "UIView+AdaptScreen.m"; sourceTree = "<group>"; };
		630D556C21835D6E00101D35 /* UIView+AdaptScreen.h */ = {isa = PBXFileReference; fileEncoding = 4; lastKnownFileType = sourcecode.c.h; path = "UIView+AdaptScreen.h"; sourceTree = "<group>"; };
/* End PBXFileReference section */

/* Begin PBXFrameworksBuildPhase section */
		630D554F21835C4400101D35 /* Frameworks */ = {
			isa = PBXFrameworksBuildPhase;
			buildActionMask = 2147483647;
			files = (
			);
			runOnlyForDeploymentPostprocessing = 0;
		};
/* End PBXFrameworksBuildPhase section */

/* Begin PBXGroup section */
		630D554921835C4400101D35 = {
			isa = PBXGroup;
			children = (
				630D555421835C4400101D35 /* TestScaleWithScreen */,
				630D555321835C4400101D35 /* Products */,
			);
			sourceTree = "<group>";
		};
		630D555321835C4400101D35 /* Products */ = {
			isa = PBXGroup;
			children = (
				630D555221835C4400101D35 /* TestScaleWithScreen.app */,
			);
			name = Products;
			sourceTree = "<group>";
		};
		630D555421835C4400101D35 /* TestScaleWithScreen */ = {
			isa = PBXGroup;
			children = (
				630D555521835C4400101D35 /* AppDelegate.h */,
				630D555621835C4400101D35 /* AppDelegate.m */,
				630D556C21835D6E00101D35 /* UIView+AdaptScreen.h */,
				630D556B21835D6E00101D35 /* UIView+AdaptScreen.m */,
				630D555821835C4400101D35 /* ViewController.h */,
				630D555921835C4400101D35 /* ViewController.m */,
				630D555B21835C4400101D35 /* Main.storyboard */,
				630D555E21835C4600101D35 /* Assets.xcassets */,
				630D556021835C4600101D35 /* LaunchScreen.storyboard */,
				630D556321835C4600101D35 /* Info.plist */,
				630D556421835C4600101D35 /* main.m */,
			);
			path = TestScaleWithScreen;
			sourceTree = "<group>";
		};
/* End PBXGroup section */

/* Begin PBXNativeTarget section */
		630D555121835C4400101D35 /* TestScaleWithScreen */ = {
			isa = PBXNativeTarget;
			buildConfigurationList = 630D556821835C4600101D35 /* Build configuration list for PBXNativeTarget "TestScaleWithScreen" */;
			buildPhases = (
				630D554E21835C4400101D35 /* Sources */,
				630D554F21835C4400101D35 /* Frameworks */,
				630D555021835C4400101D35 /* Resources */,
			);
			buildRules = (
			);
			dependencies = (
			);
			name = TestScaleWithScreen;
			productName = TestScaleWithScreen;
			productReference = 630D555221835C4400101D35 /* TestScaleWithScreen.app */;
			productType = "com.apple.product-type.application";
		};
/* End PBXNativeTarget section */

/* Begin PBXProject section */
		630D554A21835C4400101D35 /* Project object */ = {
			isa = PBXProject;
			attributes = {
				LastUpgradeCheck = 0940;
				ORGANIZATIONNAME = lbs;
				TargetAttributes = {
					630D555121835C4400101D35 = {
						CreatedOnToolsVersion = 9.4.1;
					};
				};
			};
			buildConfigurationList = 630D554D21835C4400101D35 /* Build configuration list for PBXProject "TestScaleWithScreen" */;
			compatibilityVersion = "Xcode 9.3";
			developmentRegion = en;
			hasScannedForEncodings = 0;
			knownRegions = (
				en,
				Base,
			);
			mainGroup = 630D554921835C4400101D35;
			productRefGroup = 630D555321835C4400101D35 /* Products */;
			projectDirPath = "";
			projectRoot = "";
			targets = (
				630D555121835C4400101D35 /* TestScaleWithScreen */,
			);
		};
/* End PBXProject section */

/* Begin PBXResourcesBuildPhase section */
		630D555021835C4400101D35 /* Resources */ = {
			isa = PBXResourcesBuildPhase;
			buildActionMask = 2147483647;
			files = (
				630D556221835C4600101D35 /* LaunchScreen.storyboard in Resources */,
				630D555F21835C4600101D35 /* Assets.xcassets in Resources */,
				630D555D21835C4400101D35 /* Main.storyboard in Resources */,
			);
			runOnlyForDeploymentPostprocessing = 0;
		};
/* End PBXResourcesBuildPhase section */

/* Begin PBXSourcesBuildPhase section */
		630D554E21835C4400101D35 /* Sources */ = {
			isa = PBXSourcesBuildPhase;
			buildActionMask = 2147483647;
			files = (
				630D555A21835C4400101D35 /* ViewController.m in Sources */,
				630D556D21835D6E00101D35 /* UIView+AdaptScreen.m in Sources */,
				630D556521835C4600101D35 /* main.m in Sources */,
				630D555721835C4400101D35 /* AppDelegate.m in Sources */,
			);
			runOnlyForDeploymentPostprocessing = 0;
		};
/* End PBXSourcesBuildPhase section */

/* Begin PBXVariantGroup section */
		630D555B21835C4400101D35 /* Main.storyboard */ = {
			isa = PBXVariantGroup;
			children = (
				630D555C21835C4400101D35 /* Base */,
			);
			name = Main.storyboard;
			sourceTree = "<group>";
		};
		630D556021835C4600101D35 /* LaunchScreen.storyboard */ = {
			isa = PBXVariantGroup;
			children = (
				630D556121835C4600101D35 /* Base */,
			);
			name = LaunchScreen.storyboard;
			sourceTree = "<group>";
		};
/* End PBXVariantGroup section */

/* Begin XCBuildConfiguration section */
		630D556621835C4600101D35 /* Debug */ = {
			isa = XCBuildConfiguration;
			buildSettings = {
				ALWAYS_SEARCH_USER_PATHS = NO;
				CLANG_ANALYZER_NONNULL = YES;
				CLANG_ANALYZER_NUMBER_OBJECT_CONVERSION = YES_AGGRESSIVE;
				CLANG_CXX_LANGUAGE_STANDARD = "gnu++14";
				CLANG_CXX_LIBRARY = "libc++";
				CLANG_ENABLE_MODULES = YES;
				CLANG_ENABLE_OBJC_ARC = YES;
				CLANG_ENABLE_OBJC_WEAK = YES;
				CLANG_WARN_BLOCK_CAPTURE_AUTORELEASING = YES;
				CLANG_WARN_BOOL_CONVERSION = YES;
				CLANG_WARN_COMMA = YES;
				CLANG_WARN_CONSTANT_CONVERSION = YES;
				CLANG_WARN_DEPRECATED_OBJC_IMPLEMENTATIONS = YES;
				CLANG_WARN_DIRECT_OBJC_ISA_USAGE = YES_ERROR;
				CLANG_WARN_DOCUMENTATION_COMMENTS = YES;
				CLANG_WARN_EMPTY_BODY = YES;
				CLANG_WARN_ENUM_CONVERSION = YES;
				CLANG_WARN_INFINITE_RECURSION = YES;
				CLANG_WARN_INT_CONVERSION = YES;
				CLANG_WARN_NON_LITERAL_NULL_CONVERSION = YES;
				CLANG_WARN_OBJC_IMPLICIT_RETAIN_SELF = YES;
				CLANG_WARN_OBJC_LITERAL_CONVERSION = YES;
				CLANG_WARN_OBJC_ROOT_CLASS = YES_ERROR;
				CLANG_WARN_RANGE_LOOP_ANALYSIS = YES;
				CLANG_WARN_STRICT_PROTOTYPES = YES;
				CLANG_WARN_SUSPICIOUS_MOVE = YES;
				CLANG_WARN_UNGUARDED_AVAILABILITY = YES_AGGRESSIVE;
				CLANG_WARN_UNREACHABLE_CODE = YES;
				CLANG_WARN__DUPLICATE_METHOD_MATCH = YES;
				CODE_SIGN_IDENTITY = "iPhone Developer";
				COPY_PHASE_STRIP = NO;
				DEBUG_INFORMATION_FORMAT = dwarf;
				ENABLE_STRICT_OBJC_MSGSEND = YES;
				ENABLE_TESTABILITY = YES;
				GCC_C_LANGUAGE_STANDARD = gnu11;
				GCC_DYNAMIC_NO_PIC = NO;
				GCC_NO_COMMON_BLOCKS = YES;
				GCC_OPTIMIZATION_LEVEL = 0;
				GCC_PREPROCESSOR_DEFINITIONS = (
					"DEBUG=1",
					"$(inherited)",
				);
				GCC_WARN_64_TO_32_BIT_CONVERSION = YES;
				GCC_WARN_ABOUT_RETURN_TYPE = YES_ERROR;
				GCC_WARN_UNDECLARED_SELECTOR = YES;
				GCC_WARN_UNINITIALIZED_AUTOS = YES_AGGRESSIVE;
				GCC_WARN_UNUSED_FUNCTION = YES;
				GCC_WARN_UNUSED_VARIABLE = YES;
				IPHONEOS_DEPLOYMENT_TARGET = 11.4;
				MTL_ENABLE_DEBUG_INFO = YES;
				ONLY_ACTIVE_ARCH = YES;
				SDKROOT = iphoneos;
			};
			name = Debug;
		};
		630D556721835C4600101D35 /* Release */ = {
			isa = XCBuildConfiguration;
			buildSettings = {
				ALWAYS_SEARCH_USER_PATHS = NO;
				CLANG_ANALYZER_NONNULL = YES;
				CLANG_ANALYZER_NUMBER_OBJECT_CONVERSION = YES_AGGRESSIVE;
				CLANG_CXX_LANGUAGE_STANDARD = "gnu++14";
				CLANG_CXX_LIBRARY = "libc++";
				CLANG_ENABLE_MODULES = YES;
				CLANG_ENABLE_OBJC_ARC = YES;
				CLANG_ENABLE_OBJC_WEAK = YES;
				CLANG_WARN_BLOCK_CAPTURE_AUTORELEASING = YES;
				CLANG_WARN_BOOL_CONVERSION = YES;
				CLANG_WARN_COMMA = YES;
				CLANG_WARN_CONSTANT_CONVERSION = YES;
				CLANG_WARN_DEPRECATED_OBJC_IMPLEMENTATIONS = YES;
				CLANG_WARN_DIRECT_OBJC_ISA_USAGE = YES_ERROR;
				CLANG_WARN_DOCUMENTATION_COMMENTS = YES;
				CLANG_WARN_EMPTY_BODY = YES;
				CLANG_WARN_ENUM_CONVERSION = YES;
				CLANG_WARN_INFINITE_RECURSION = YES;
				CLANG_WARN_INT_CONVERSION = YES;
				CLANG_WARN_NON_LITERAL_NULL_CONVERSION = YES;
				CLANG_WARN_OBJC_IMPLICIT_RETAIN_SELF = YES;
				CLANG_WARN_OBJC_LITERAL_CONVERSION = YES;
				CLANG_WARN_OBJC_ROOT_CLASS = YES_ERROR;
				CLANG_WARN_RANGE_LOOP_ANALYSIS = YES;
				CLANG_WARN_STRICT_PROTOTYPES = YES;
				CLANG_WARN_SUSPICIOUS_MOVE = YES;
				CLANG_WARN_UNGUARDED_AVAILABILITY = YES_AGGRESSIVE;
				CLANG_WARN_UNREACHABLE_CODE = YES;
				CLANG_WARN__DUPLICATE_METHOD_MATCH = YES;
				CODE_SIGN_IDENTITY = "iPhone Developer";
				COPY_PHASE_STRIP = NO;
				DEBUG_INFORMATION_FORMAT = "dwarf-with-dsym";
				ENABLE_NS_ASSERTIONS = NO;
				ENABLE_STRICT_OBJC_MSGSEND = YES;
				GCC_C_LANGUAGE_STANDARD = gnu11;
				GCC_NO_COMMON_BLOCKS = YES;
				GCC_WARN_64_TO_32_BIT_CONVERSION = YES;
				GCC_WARN_ABOUT_RETURN_TYPE = YES_ERROR;
				GCC_WARN_UNDECLARED_SELECTOR = YES;
				GCC_WARN_UNINITIALIZED_AUTOS = YES_AGGRESSIVE;
				GCC_WARN_UNUSED_FUNCTION = YES;
				GCC_WARN_UNUSED_VARIABLE = YES;
				IPHONEOS_DEPLOYMENT_TARGET = 11.4;
				MTL_ENABLE_DEBUG_INFO = NO;
				SDKROOT = iphoneos;
				VALIDATE_PRODUCT = YES;
			};
			name = Release;
		};
		630D556921835C4600101D35 /* Debug */ = {
			isa = XCBuildConfiguration;
			buildSettings = {
				ASSETCATALOG_COMPILER_APPICON_NAME = AppIcon;
				CODE_SIGN_STYLE = Automatic;
				INFOPLIST_FILE = TestScaleWithScreen/Info.plist;
				LD_RUNPATH_SEARCH_PATHS = (
					"$(inherited)",
					"@executable_path/Frameworks",
				);
				PRODUCT_BUNDLE_IDENTIFIER = lbs.TestScaleWithScreen;
				PRODUCT_NAME = "$(TARGET_NAME)";
				TARGETED_DEVICE_FAMILY = "1,2";
			};
			name = Debug;
		};
		630D556A21835C4600101D35 /* Release */ = {
			isa = XCBuildConfiguration;
			buildSettings = {
				ASSETCATALOG_COMPILER_APPICON_NAME = AppIcon;
				CODE_SIGN_STYLE = Automatic;
				INFOPLIST_FILE = TestScaleWithScreen/Info.plist;
				LD_RUNPATH_SEARCH_PATHS = (
					"$(inherited)",
					"@executable_path/Frameworks",
				);
				PRODUCT_BUNDLE_IDENTIFIER = lbs.TestScaleWithScreen;
				PRODUCT_NAME = "$(TARGET_NAME)";
				TARGETED_DEVICE_FAMILY = "1,2";
			};
			name = Release;
		};
/* End XCBuildConfiguration section */

/* Begin XCConfigurationList section */
		630D554D21835C4400101D35 /* Build configuration list for PBXProject "TestScaleWithScreen" */ = {
			isa = XCConfigurationList;
			buildConfigurations = (
				630D556621835C4600101D35 /* Debug */,
				630D556721835C4600101D35 /* Release */,
			);
			defaultConfigurationIsVisible = 0;
			defaultConfigurationName = Release;
		};
		630D556821835C4600101D35 /* Build configuration list for PBXNativeTarget "TestScaleWithScreen" */ = {
			isa = XCConfigurationList;
			buildConfigurations = (
				630D556921835C4600101D35 /* Debug */,
				630D556A21835C4600101D35 /* Release */,
			);
			defaultConfigurationIsVisible = 0;
			defaultConfigurationName = Release;
		};
/* End XCConfigurationList section */
	};
	rootObject = 630D554A21835C4400101D35 /* Project object */;
}
